// !$*UTF8*$!
{
	archiveVersion = 1;
	classes = {
	};
	objectVersion = 50;
	objects = {

/* Begin PBXBuildFile section */
		8BE8BE2822A10B1400794FA9 /* UIKit.framework in Frameworks */ = {isa = PBXBuildFile; fileRef = 8BE8BE2722A10B1400794FA9 /* UIKit.framework */; };
		8BE8BE2A22A10B1400794FA9 /* Foundation.framework in Frameworks */ = {isa = PBXBuildFile; fileRef = 8BE8BE2922A10B1400794FA9 /* Foundation.framework */; };
		8BE8BE2C22A10B1400794FA9 /* CydiaSubstrate.framework in Frameworks */ = {isa = PBXBuildFile; fileRef = 8BE8BE2B22A10B1400794FA9 /* CydiaSubstrate.framework */; };
		8BE8BE3522A10B1400794FA9 /* tweakXiangji.mm in Sources */ = {isa = PBXBuildFile; fileRef = 8BE8BE3422A10B1400794FA9 /* tweakXiangji.mm */; };
/* End PBXBuildFile section */

/* Begin PBXFileReference section */
		8BE8BE2422A10B1400794FA9 /* tweakXiangji.dylib */ = {isa = PBXFileReference; explicitFileType = "compiled.mach-o.dylib"; includeInIndex = 0; path = tweakXiangji.dylib; sourceTree = BUILT_PRODUCTS_DIR; };
		8BE8BE2722A10B1400794FA9 /* UIKit.framework */ = {isa = PBXFileReference; lastKnownFileType = wrapper.framework; name = UIKit.framework; path = System/Library/Frameworks/UIKit.framework; sourceTree = SDKROOT; };
		8BE8BE2922A10B1400794FA9 /* Foundation.framework */ = {isa = PBXFileReference; lastKnownFileType = wrapper.framework; name = Foundation.framework; path = System/Library/Frameworks/Foundation.framework; sourceTree = SDKROOT; };
		8BE8BE2B22A10B1400794FA9 /* CydiaSubstrate.framework */ = {isa = PBXFileReference; lastKnownFileType = wrapper.framework; name = CydiaSubstrate.framework; path = Library/Frameworks/CydiaSubstrate.framework; sourceTree = DEVELOPER_DIR; };
		8BE8BE3022A10B1400794FA9 /* control */ = {isa = PBXFileReference; lastKnownFileType = text; name = control; path = Package/DEBIAN/control; sourceTree = "<group>"; };
		8BE8BE3222A10B1400794FA9 /* tweakXiangji-Prefix.pch */ = {isa = PBXFileReference; lastKnownFileType = sourcecode.c.h; path = "tweakXiangji-Prefix.pch"; sourceTree = "<group>"; };
		8BE8BE3322A10B1400794FA9 /* tweakXiangji.xm */ = {isa = PBXFileReference; explicitFileType = sourcecode.c.objc; path = tweakXiangji.xm; sourceTree = "<group>"; };
		8BE8BE3422A10B1400794FA9 /* tweakXiangji.mm */ = {isa = PBXFileReference; lastKnownFileType = sourcecode.cpp.objcpp; path = tweakXiangji.mm; sourceTree = "<group>"; };
		8BE8BE3922A10B1400794FA9 /* tweakXiangji.plist */ = {isa = PBXFileReference; lastKnownFileType = text.plist.xml; name = tweakXiangji.plist; path = Package/Library/MobileSubstrate/DynamicLibraries/tweakXiangji.plist; sourceTree = "<group>"; };
/* End PBXFileReference section */

/* Begin PBXFrameworksBuildPhase section */
		8BE8BE2022A10B1400794FA9 /* Frameworks */ = {
			isa = PBXFrameworksBuildPhase;
			buildActionMask = 2147483647;
			files = (
				8BE8BE2822A10B1400794FA9 /* UIKit.framework in Frameworks */,
				8BE8BE2A22A10B1400794FA9 /* Foundation.framework in Frameworks */,
				8BE8BE2C22A10B1400794FA9 /* CydiaSubstrate.framework in Frameworks */,
			);
			runOnlyForDeploymentPostprocessing = 0;
		};
/* End PBXFrameworksBuildPhase section */

/* Begin PBXGroup section */
		8BE8BE1922A10B1400794FA9 = {
			isa = PBXGroup;
			children = (
				8BE8BE2D22A10B1400794FA9 /* tweakXiangji */,
				8BE8BE2622A10B1400794FA9 /* Frameworks */,
				8BE8BE2522A10B1400794FA9 /* Products */,
			);
			sourceTree = "<group>";
		};
		8BE8BE2522A10B1400794FA9 /* Products */ = {
			isa = PBXGroup;
			children = (
				8BE8BE2422A10B1400794FA9 /* tweakXiangji.dylib */,
			);
			name = Products;
			sourceTree = "<group>";
		};
		8BE8BE2622A10B1400794FA9 /* Frameworks */ = {
			isa = PBXGroup;
			children = (
				8BE8BE2722A10B1400794FA9 /* UIKit.framework */,
				8BE8BE2922A10B1400794FA9 /* Foundation.framework */,
				8BE8BE2B22A10B1400794FA9 /* CydiaSubstrate.framework */,
			);
			name = Frameworks;
			sourceTree = "<group>";
		};
		8BE8BE2D22A10B1400794FA9 /* tweakXiangji */ = {
			isa = PBXGroup;
			children = (
				8BE8BE3322A10B1400794FA9 /* tweakXiangji.xm */,
				8BE8BE3422A10B1400794FA9 /* tweakXiangji.mm */,
				8BE8BE2E22A10B1400794FA9 /* Package */,
				8BE8BE3122A10B1400794FA9 /* Supporting Files */,
			);
			path = tweakXiangji;
			sourceTree = "<group>";
		};
		8BE8BE2E22A10B1400794FA9 /* Package */ = {
			isa = PBXGroup;
			children = (
				8BE8BE2F22A10B1400794FA9 /* DEBIAN */,
				8BE8BE3622A10B1400794FA9 /* Library */,
			);
			name = Package;
			sourceTree = "<group>";
		};
		8BE8BE2F22A10B1400794FA9 /* DEBIAN */ = {
			isa = PBXGroup;
			children = (
				8BE8BE3022A10B1400794FA9 /* control */,
			);
			name = DEBIAN;
			sourceTree = "<group>";
		};
		8BE8BE3122A10B1400794FA9 /* Supporting Files */ = {
			isa = PBXGroup;
			children = (
				8BE8BE3222A10B1400794FA9 /* tweakXiangji-Prefix.pch */,
			);
			name = "Supporting Files";
			sourceTree = "<group>";
		};
		8BE8BE3622A10B1400794FA9 /* Library */ = {
			isa = PBXGroup;
			children = (
				8BE8BE3722A10B1400794FA9 /* MobileSubstrate */,
			);
			name = Library;
			sourceTree = "<group>";
		};
		8BE8BE3722A10B1400794FA9 /* MobileSubstrate */ = {
			isa = PBXGroup;
			children = (
				8BE8BE3822A10B1400794FA9 /* DynamicLibraries */,
			);
			name = MobileSubstrate;
			sourceTree = "<group>";
		};
		8BE8BE3822A10B1400794FA9 /* DynamicLibraries */ = {
			isa = PBXGroup;
			children = (
				8BE8BE3922A10B1400794FA9 /* tweakXiangji.plist */,
			);
			name = DynamicLibraries;
			sourceTree = "<group>";
		};
/* End PBXGroup section */

/* Begin PBXHeadersBuildPhase section */
		8BE8BE2122A10B1400794FA9 /* Headers */ = {
			isa = PBXHeadersBuildPhase;
			buildActionMask = 2147483647;
			files = (
			);
			runOnlyForDeploymentPostprocessing = 0;
		};
/* End PBXHeadersBuildPhase section */

/* Begin PBXNativeTarget section */
		8BE8BE2322A10B1400794FA9 /* tweakXiangji */ = {
			isa = PBXNativeTarget;
			buildConfigurationList = 8BE8BE3C22A10B1400794FA9 /* Build configuration list for PBXNativeTarget "tweakXiangji" */;
			buildPhases = (
				8BE8BE1E22A10B1400794FA9 /* ShellScript */,
				8BE8BE1F22A10B1400794FA9 /* Sources */,
				8BE8BE2022A10B1400794FA9 /* Frameworks */,
				8BE8BE2122A10B1400794FA9 /* Headers */,
				8BE8BE2222A10B1400794FA9 /* ShellScript */,
			);
			buildRules = (
			);
			dependencies = (
			);
			name = tweakXiangji;
			productName = tweakXiangji;
			productReference = 8BE8BE2422A10B1400794FA9 /* tweakXiangji.dylib */;
			productType = "com.apple.product-type.library.dynamic";
		};
/* End PBXNativeTarget section */

/* Begin PBXProject section */
		8BE8BE1A22A10B1400794FA9 /* Project object */ = {
			isa = PBXProject;
			attributes = {
				LastUpgradeCheck = 1010;
				TargetAttributes = {
					8BE8BE2322A10B1400794FA9 = {
						CreatedOnToolsVersion = 10.1;
					};
				};
			};
			buildConfigurationList = 8BE8BE1D22A10B1400794FA9 /* Build configuration list for PBXProject "tweakXiangji" */;
			compatibilityVersion = "Xcode 9.3";
			developmentRegion = en;
			hasScannedForEncodings = 0;
			knownRegions = (
				en,
			);
			mainGroup = 8BE8BE1922A10B1400794FA9;
			productRefGroup = 8BE8BE2522A10B1400794FA9 /* Products */;
			projectDirPath = "";
			projectRoot = "";
			targets = (
				8BE8BE2322A10B1400794FA9 /* tweakXiangji */,
			);
		};
/* End PBXProject section */

/* Begin PBXShellScriptBuildPhase section */
		8BE8BE1E22A10B1400794FA9 /* ShellScript */ = {
			isa = PBXShellScriptBuildPhase;
			buildActionMask = 2147483647;
			files = (
			);
			inputFileListPaths = (
			);
			inputPaths = (
			);
			outputFileListPaths = (
			);
			outputPaths = (
			);
			runOnlyForDeploymentPostprocessing = 0;
			shellPath = /bin/sh;
			shellScript = "/opt/MonkeyDev/bin/md --xcbp-logos";
		};
		8BE8BE2222A10B1400794FA9 /* ShellScript */ = {
			isa = PBXShellScriptBuildPhase;
			buildActionMask = 2147483647;
			files = (
			);
			inputFileListPaths = (
			);
			inputPaths = (
			);
			outputFileListPaths = (
			);
			outputPaths = (
			);
			runOnlyForDeploymentPostprocessing = 0;
			shellPath = /bin/sh;
			shellScript = "/opt/MonkeyDev/bin/md --xcbp";
		};
/* End PBXShellScriptBuildPhase section */

/* Begin PBXSourcesBuildPhase section */
		8BE8BE1F22A10B1400794FA9 /* Sources */ = {
			isa = PBXSourcesBuildPhase;
			buildActionMask = 2147483647;
			files = (
				8BE8BE3522A10B1400794FA9 /* tweakXiangji.mm in Sources */,
			);
			runOnlyForDeploymentPostprocessing = 0;
		};
/* End PBXSourcesBuildPhase section */

/* Begin XCBuildConfiguration section */
		8BE8BE3A22A10B1400794FA9 /* Release */ = {
			isa = XCBuildConfiguration;
			buildSettings = {
				CODE_SIGN_IDENTITY = "iPhone Developer";
				COPY_PHASE_STRIP = YES;
				EXCLUDED_RECURSIVE_SEARCH_PATH_SUBDIRECTORIES = "*.nib *.lproj *.gch (*) .DS_Store CVS .svn .git .hg *.xcodeproj *.xcode *.pbproj *.pbxproj";
				FRAMEWORK_SEARCH_PATHS = (
					"$(MonkeyDevPath)/frameworks/**",
					"$(MonkeyDevTheosPath)/vendor/lib",
				);
				GCC_C_LANGUAGE_STANDARD = gnu99;
				GCC_WARN_ABOUT_MISSING_PROTOTYPES = YES;
				GCC_WARN_ABOUT_RETURN_TYPE = YES;
				GCC_WARN_UNUSED_VARIABLE = YES;
				HEADER_SEARCH_PATHS = "$(MonkeyDevTheosPath)/vendor/include/**";
				IPHONEOS_DEPLOYMENT_TARGET = 8.0;
				LIBRARY_SEARCH_PATHS = "$(MonkeyDevTheosPath)/vendor/lib/**";
				MonkeyDevPath = /opt/MonkeyDev;
				MonkeyDevTheosPath = /opt/theos;
				OTHER_CFLAGS = "-DTHEOS_INSTANCE_NAME=\"\\\"tweakXiangji\\\"\"";
				SDKROOT = iphoneos;
				TARGETED_DEVICE_FAMILY = "1,2";
				VALIDATE_PRODUCT = YES;
			};
			name = Release;
		};
		8BE8BE3B22A10B1400794FA9 /* Debug */ = {
			isa = XCBuildConfiguration;
			buildSettings = {
				CODE_SIGN_IDENTITY = "iPhone Developer";
				COPY_PHASE_STRIP = NO;
				EXCLUDED_RECURSIVE_SEARCH_PATH_SUBDIRECTORIES = "*.nib *.lproj *.gch (*) .DS_Store CVS .svn .git .hg *.xcodeproj *.xcode *.pbproj *.pbxproj";
				FRAMEWORK_SEARCH_PATHS = (
					"$(MonkeyDevPath)/frameworks/**",
					"$(MonkeyDevTheosPath)/vendor/lib",
				);
				GCC_C_LANGUAGE_STANDARD = gnu99;
				GCC_DYNAMIC_NO_PIC = NO;
				GCC_OPTIMIZATION_LEVEL = 0;
				GCC_PREPROCESSOR_DEFINITIONS = (
					"DEBUG=1",
					"$(inherited)",
				);
				GCC_SYMBOLS_PRIVATE_EXTERN = NO;
				GCC_WARN_ABOUT_MISSING_PROTOTYPES = YES;
				GCC_WARN_ABOUT_RETURN_TYPE = YES;
				GCC_WARN_UNUSED_VARIABLE = YES;
				HEADER_SEARCH_PATHS = "$(MonkeyDevTheosPath)/vendor/include/**";
				IPHONEOS_DEPLOYMENT_TARGET = 8.0;
				LIBRARY_SEARCH_PATHS = "$(MonkeyDevTheosPath)/vendor/lib/**";
				MonkeyDevPath = /opt/MonkeyDev;
				MonkeyDevTheosPath = /opt/theos;
				ONLY_ACTIVE_ARCH = YES;
				OTHER_CFLAGS = "-DTHEOS_INSTANCE_NAME=\"\\\"tweakXiangji\\\"\"";
				SDKROOT = iphoneos;
				TARGETED_DEVICE_FAMILY = "1,2";
				VALIDATE_PRODUCT = NO;
			};
			name = Debug;
		};
		8BE8BE3D22A10B1400794FA9 /* Release */ = {
			isa = XCBuildConfiguration;
			buildSettings = {
				CLANG_ENABLE_OBJC_ARC = YES;
				CODE_SIGN_IDENTITY = "";
				CODE_SIGN_STYLE = Automatic;
				DYLIB_COMPATIBILITY_VERSION = 1;
				DYLIB_CURRENT_VERSION = 1;
				GCC_PRECOMPILE_PREFIX_HEADER = YES;
				GCC_PREFIX_HEADER = "tweakXiangji/tweakXiangji-Prefix.pch";
				INSTALL_PATH = /Library/MobileSubstrate/DynamicLibraries;
				MonkeyDevBuildPackageOnAnyBuild = NO;
				MonkeyDevClearUiCacheOnInstall = NO;
				MonkeyDevCopyOnBuild = NO;
				MonkeyDevDeviceIP = 127.0.0.1;
				MonkeyDevDevicePassword = alpine;
				MonkeyDevDevicePort = 8765;
				MonkeyDevInstallOnAnyBuild = YES;
				MonkeyDevInstallOnProfiling = YES;
				MonkeyDevkillProcessOnInstall = SpringBoard;
				PRODUCT_NAME = "$(TARGET_NAME)";
				TARGETED_DEVICE_FAMILY = "1,2";
			};
			name = Release;
		};
		8BE8BE3E22A10B1400794FA9 /* Debug */ = {
			isa = XCBuildConfiguration;
			buildSettings = {
				CLANG_ENABLE_OBJC_ARC = YES;
				CODE_SIGN_IDENTITY = "";
				CODE_SIGN_STYLE = Automatic;
				DYLIB_COMPATIBILITY_VERSION = 1;
				DYLIB_CURRENT_VERSION = 1;
				GCC_PRECOMPILE_PREFIX_HEADER = YES;
				GCC_PREFIX_HEADER = "tweakXiangji/tweakXiangji-Prefix.pch";
				INSTALL_PATH = /Library/MobileSubstrate/DynamicLibraries;
				MonkeyDevBuildPackageOnAnyBuild = NO;
				MonkeyDevClearUiCacheOnInstall = NO;
				MonkeyDevCopyOnBuild = NO;
				MonkeyDevDeviceIP = 127.0.0.1;
				MonkeyDevDevicePassword = alpine;
				MonkeyDevDevicePort = 8765;
				MonkeyDevInstallOnAnyBuild = YES;
				MonkeyDevInstallOnProfiling = YES;
				MonkeyDevkillProcessOnInstall = SpringBoard;
				PRODUCT_NAME = "$(TARGET_NAME)";
				TARGETED_DEVICE_FAMILY = "1,2";
			};
			name = Debug;
		};
/* End XCBuildConfiguration section */

/* Begin XCConfigurationList section */
		8BE8BE1D22A10B1400794FA9 /* Build configuration list for PBXProject "tweakXiangji" */ = {
			isa = XCConfigurationList;
			buildConfigurations = (
				8BE8BE3A22A10B1400794FA9 /* Release */,
				8BE8BE3B22A10B1400794FA9 /* Debug */,
			);
			defaultConfigurationIsVisible = 0;
			defaultConfigurationName = Release;
		};
		8BE8BE3C22A10B1400794FA9 /* Build configuration list for PBXNativeTarget "tweakXiangji" */ = {
			isa = XCConfigurationList;
			buildConfigurations = (
				8BE8BE3D22A10B1400794FA9 /* Release */,
				8BE8BE3E22A10B1400794FA9 /* Debug */,
			);
			defaultConfigurationIsVisible = 0;
			defaultConfigurationName = Release;
		};
/* End XCConfigurationList section */
	};
	rootObject = 8BE8BE1A22A10B1400794FA9 /* Project object */;
}
